// !$*UTF8*$!
{
	archiveVersion = 1;
	classes = {
	};
	objectVersion = 48;
	objects = {

/* Begin PBXBuildFile section */
		06651162205B3BDA00086321 /* CoreGraphics.framework in Frameworks */ = {isa = PBXBuildFile; fileRef = 06651161205B3BDA00086321 /* CoreGraphics.framework */; };
		06651164205B3BE600086321 /* UIKit.framework in Frameworks */ = {isa = PBXBuildFile; fileRef = 06651163205B3BE600086321 /* UIKit.framework */; };
		06651166205B3BFC00086321 /* Foundation.framework in Frameworks */ = {isa = PBXBuildFile; fileRef = 06651165205B3BFC00086321 /* Foundation.framework */; };
		06651168205B3C1400086321 /* libsqlite3.tbd in Frameworks */ = {isa = PBXBuildFile; fileRef = 06651167205B3C1400086321 /* libsqlite3.tbd */; };
		067AC6002057796C000C79E9 /* AppDelegate.swift in Sources */ = {isa = PBXBuildFile; fileRef = 067AC5FF2057796C000C79E9 /* AppDelegate.swift */; };
		067AC6022057796C000C79E9 /* ViewController.swift in Sources */ = {isa = PBXBuildFile; fileRef = 067AC6012057796C000C79E9 /* ViewController.swift */; };
		067AC6052057796C000C79E9 /* Main.storyboard in Resources */ = {isa = PBXBuildFile; fileRef = 067AC6032057796C000C79E9 /* Main.storyboard */; };
		067AC6082057796C000C79E9 /* FoodJunky.xcdatamodeld in Sources */ = {isa = PBXBuildFile; fileRef = 067AC6062057796C000C79E9 /* FoodJunky.xcdatamodeld */; };
		067AC60A2057796C000C79E9 /* Assets.xcassets in Resources */ = {isa = PBXBuildFile; fileRef = 067AC6092057796C000C79E9 /* Assets.xcassets */; };
		067AC60D2057796C000C79E9 /* LaunchScreen.storyboard in Resources */ = {isa = PBXBuildFile; fileRef = 067AC60B2057796C000C79E9 /* LaunchScreen.storyboard */; };
		067AC6182057796C000C79E9 /* FoodJunkyTests.swift in Sources */ = {isa = PBXBuildFile; fileRef = 067AC6172057796C000C79E9 /* FoodJunkyTests.swift */; };
		067AC6232057796C000C79E9 /* FoodJunkyUITests.swift in Sources */ = {isa = PBXBuildFile; fileRef = 067AC6222057796C000C79E9 /* FoodJunkyUITests.swift */; };
/* End PBXBuildFile section */

/* Begin PBXContainerItemProxy section */
		067AC6142057796C000C79E9 /* PBXContainerItemProxy */ = {
			isa = PBXContainerItemProxy;
			containerPortal = 067AC5F42057796C000C79E9 /* Project object */;
			proxyType = 1;
			remoteGlobalIDString = 067AC5FB2057796C000C79E9;
			remoteInfo = FoodJunky;
		};
		067AC61F2057796C000C79E9 /* PBXContainerItemProxy */ = {
			isa = PBXContainerItemProxy;
			containerPortal = 067AC5F42057796C000C79E9 /* Project object */;
			proxyType = 1;
			remoteGlobalIDString = 067AC5FB2057796C000C79E9;
			remoteInfo = FoodJunky;
		};
/* End PBXContainerItemProxy section */

/* Begin PBXCopyFilesBuildPhase section */
		066511A2205B8D3F00086321 /* Embed Frameworks */ = {
			isa = PBXCopyFilesBuildPhase;
			buildActionMask = 2147483647;
			dstPath = "";
			dstSubfolderSpec = 10;
			files = (
			);
			name = "Embed Frameworks";
			runOnlyForDeploymentPostprocessing = 0;
		};
		066511AA205B8D9B00086321 /* Embed PlugIns */ = {
			isa = PBXCopyFilesBuildPhase;
			buildActionMask = 2147483647;
			dstPath = "";
			dstSubfolderSpec = 13;
			files = (
			);
			name = "Embed PlugIns";
			runOnlyForDeploymentPostprocessing = 0;
		};
/* End PBXCopyFilesBuildPhase section */

/* Begin PBXFileReference section */
		06651161205B3BDA00086321 /* CoreGraphics.framework */ = {isa = PBXFileReference; lastKnownFileType = wrapper.framework; name = CoreGraphics.framework; path = System/Library/Frameworks/CoreGraphics.framework; sourceTree = SDKROOT; };
		06651163205B3BE600086321 /* UIKit.framework */ = {isa = PBXFileReference; lastKnownFileType = wrapper.framework; name = UIKit.framework; path = System/Library/Frameworks/UIKit.framework; sourceTree = SDKROOT; };
		06651165205B3BFC00086321 /* Foundation.framework */ = {isa = PBXFileReference; lastKnownFileType = wrapper.framework; name = Foundation.framework; path = System/Library/Frameworks/Foundation.framework; sourceTree = SDKROOT; };
		06651167205B3C1400086321 /* libsqlite3.tbd */ = {isa = PBXFileReference; lastKnownFileType = "sourcecode.text-based-dylib-definition"; name = libsqlite3.tbd; path = usr/lib/libsqlite3.tbd; sourceTree = SDKROOT; };
		067AC5FC2057796C000C79E9 /* FoodJunky.app */ = {isa = PBXFileReference; explicitFileType = wrapper.application; includeInIndex = 0; path = FoodJunky.app; sourceTree = BUILT_PRODUCTS_DIR; };
		067AC5FF2057796C000C79E9 /* AppDelegate.swift */ = {isa = PBXFileReference; lastKnownFileType = sourcecode.swift; path = AppDelegate.swift; sourceTree = "<group>"; };
		067AC6012057796C000C79E9 /* ViewController.swift */ = {isa = PBXFileReference; lastKnownFileType = sourcecode.swift; path = ViewController.swift; sourceTree = "<group>"; };
		067AC6042057796C000C79E9 /* Base */ = {isa = PBXFileReference; lastKnownFileType = file.storyboard; name = Base; path = Base.lproj/Main.storyboard; sourceTree = "<group>"; };
		067AC6072057796C000C79E9 /* FoodJunky.xcdatamodel */ = {isa = PBXFileReference; lastKnownFileType = wrapper.xcdatamodel; path = FoodJunky.xcdatamodel; sourceTree = "<group>"; };
		067AC6092057796C000C79E9 /* Assets.xcassets */ = {isa = PBXFileReference; lastKnownFileType = folder.assetcatalog; path = Assets.xcassets; sourceTree = "<group>"; };
		067AC60C2057796C000C79E9 /* Base */ = {isa = PBXFileReference; lastKnownFileType = file.storyboard; name = Base; path = Base.lproj/LaunchScreen.storyboard; sourceTree = "<group>"; };
		067AC60E2057796C000C79E9 /* Info.plist */ = {isa = PBXFileReference; lastKnownFileType = text.plist.xml; path = Info.plist; sourceTree = "<group>"; };
		067AC6132057796C000C79E9 /* FoodJunkyTests.xctest */ = {isa = PBXFileReference; explicitFileType = wrapper.cfbundle; includeInIndex = 0; path = FoodJunkyTests.xctest; sourceTree = BUILT_PRODUCTS_DIR; };
		067AC6172057796C000C79E9 /* FoodJunkyTests.swift */ = {isa = PBXFileReference; lastKnownFileType = sourcecode.swift; path = FoodJunkyTests.swift; sourceTree = "<group>"; };
		067AC6192057796C000C79E9 /* Info.plist */ = {isa = PBXFileReference; lastKnownFileType = text.plist.xml; path = Info.plist; sourceTree = "<group>"; };
		067AC61E2057796C000C79E9 /* FoodJunkyUITests.xctest */ = {isa = PBXFileReference; explicitFileType = wrapper.cfbundle; includeInIndex = 0; path = FoodJunkyUITests.xctest; sourceTree = BUILT_PRODUCTS_DIR; };
		067AC6222057796C000C79E9 /* FoodJunkyUITests.swift */ = {isa = PBXFileReference; lastKnownFileType = sourcecode.swift; path = FoodJunkyUITests.swift; sourceTree = "<group>"; };
		067AC6242057796C000C79E9 /* Info.plist */ = {isa = PBXFileReference; lastKnownFileType = text.plist.xml; path = Info.plist; sourceTree = "<group>"; };
/* End PBXFileReference section */

/* Begin PBXFrameworksBuildPhase section */
		067AC5F92057796C000C79E9 /* Frameworks */ = {
			isa = PBXFrameworksBuildPhase;
			buildActionMask = 2147483647;
			files = (
				06651168205B3C1400086321 /* libsqlite3.tbd in Frameworks */,
				06651166205B3BFC00086321 /* Foundation.framework in Frameworks */,
				06651164205B3BE600086321 /* UIKit.framework in Frameworks */,
				06651162205B3BDA00086321 /* CoreGraphics.framework in Frameworks */,
			);
			runOnlyForDeploymentPostprocessing = 0;
		};
		067AC6102057796C000C79E9 /* Frameworks */ = {
			isa = PBXFrameworksBuildPhase;
			buildActionMask = 2147483647;
			files = (
			);
			runOnlyForDeploymentPostprocessing = 0;
		};
		067AC61B2057796C000C79E9 /* Frameworks */ = {
			isa = PBXFrameworksBuildPhase;
			buildActionMask = 2147483647;
			files = (
			);
			runOnlyForDeploymentPostprocessing = 0;
		};
/* End PBXFrameworksBuildPhase section */

/* Begin PBXGroup section */
		06651160205B3BDA00086321 /* Frameworks */ = {
			isa = PBXGroup;
			children = (
				06651167205B3C1400086321 /* libsqlite3.tbd */,
				06651165205B3BFC00086321 /* Foundation.framework */,
				06651163205B3BE600086321 /* UIKit.framework */,
				06651161205B3BDA00086321 /* CoreGraphics.framework */,
			);
			name = Frameworks;
			sourceTree = "<group>";
		};
		067AC5F32057796C000C79E9 = {
			isa = PBXGroup;
			children = (
				067AC5FE2057796C000C79E9 /* FoodJunky */,
				067AC6162057796C000C79E9 /* FoodJunkyTests */,
				067AC6212057796C000C79E9 /* FoodJunkyUITests */,
				067AC5FD2057796C000C79E9 /* Products */,
				06651160205B3BDA00086321 /* Frameworks */,
			);
			sourceTree = "<group>";
		};
		067AC5FD2057796C000C79E9 /* Products */ = {
			isa = PBXGroup;
			children = (
				067AC5FC2057796C000C79E9 /* FoodJunky.app */,
				067AC6132057796C000C79E9 /* FoodJunkyTests.xctest */,
				067AC61E2057796C000C79E9 /* FoodJunkyUITests.xctest */,
			);
			name = Products;
			sourceTree = "<group>";
		};
		067AC5FE2057796C000C79E9 /* FoodJunky */ = {
			isa = PBXGroup;
			children = (
				067AC5FF2057796C000C79E9 /* AppDelegate.swift */,
				067AC6012057796C000C79E9 /* ViewController.swift */,
				067AC6032057796C000C79E9 /* Main.storyboard */,
				067AC6092057796C000C79E9 /* Assets.xcassets */,
				067AC60B2057796C000C79E9 /* LaunchScreen.storyboard */,
				067AC60E2057796C000C79E9 /* Info.plist */,
				067AC6062057796C000C79E9 /* FoodJunky.xcdatamodeld */,
			);
			path = FoodJunky;
			sourceTree = "<group>";
		};
		067AC6162057796C000C79E9 /* FoodJunkyTests */ = {
			isa = PBXGroup;
			children = (
				067AC6172057796C000C79E9 /* FoodJunkyTests.swift */,
				067AC6192057796C000C79E9 /* Info.plist */,
			);
			path = FoodJunkyTests;
			sourceTree = "<group>";
		};
		067AC6212057796C000C79E9 /* FoodJunkyUITests */ = {
			isa = PBXGroup;
			children = (
				067AC6222057796C000C79E9 /* FoodJunkyUITests.swift */,
				067AC6242057796C000C79E9 /* Info.plist */,
			);
			path = FoodJunkyUITests;
			sourceTree = "<group>";
		};
/* End PBXGroup section */

/* Begin PBXNativeTarget section */
		067AC5FB2057796C000C79E9 /* FoodJunky */ = {
			isa = PBXNativeTarget;
			buildConfigurationList = 067AC6272057796C000C79E9 /* Build configuration list for PBXNativeTarget "FoodJunky" */;
			buildPhases = (
				067AC5F82057796C000C79E9 /* Sources */,
				067AC5F92057796C000C79E9 /* Frameworks */,
				067AC5FA2057796C000C79E9 /* Resources */,
				066511A2205B8D3F00086321 /* Embed Frameworks */,
				066511AA205B8D9B00086321 /* Embed PlugIns */,
			);
			buildRules = (
			);
			dependencies = (
			);
			name = FoodJunky;
			productName = FoodJunky;
			productReference = 067AC5FC2057796C000C79E9 /* FoodJunky.app */;
			productType = "com.apple.product-type.application";
		};
		067AC6122057796C000C79E9 /* FoodJunkyTests */ = {
			isa = PBXNativeTarget;
			buildConfigurationList = 067AC62A2057796C000C79E9 /* Build configuration list for PBXNativeTarget "FoodJunkyTests" */;
			buildPhases = (
				067AC60F2057796C000C79E9 /* Sources */,
				067AC6102057796C000C79E9 /* Frameworks */,
				067AC6112057796C000C79E9 /* Resources */,
			);
			buildRules = (
			);
			dependencies = (
				067AC6152057796C000C79E9 /* PBXTargetDependency */,
			);
			name = FoodJunkyTests;
			productName = FoodJunkyTests;
			productReference = 067AC6132057796C000C79E9 /* FoodJunkyTests.xctest */;
			productType = "com.apple.product-type.bundle.unit-test";
		};
		067AC61D2057796C000C79E9 /* FoodJunkyUITests */ = {
			isa = PBXNativeTarget;
			buildConfigurationList = 067AC62D2057796C000C79E9 /* Build configuration list for PBXNativeTarget "FoodJunkyUITests" */;
			buildPhases = (
				067AC61A2057796C000C79E9 /* Sources */,
				067AC61B2057796C000C79E9 /* Frameworks */,
				067AC61C2057796C000C79E9 /* Resources */,
			);
			buildRules = (
			);
			dependencies = (
				067AC6202057796C000C79E9 /* PBXTargetDependency */,
			);
			name = FoodJunkyUITests;
			productName = FoodJunkyUITests;
			productReference = 067AC61E2057796C000C79E9 /* FoodJunkyUITests.xctest */;
			productType = "com.apple.product-type.bundle.ui-testing";
		};
/* End PBXNativeTarget section */

/* Begin PBXProject section */
		067AC5F42057796C000C79E9 /* Project object */ = {
			isa = PBXProject;
			attributes = {
				LastSwiftUpdateCheck = 0920;
				LastUpgradeCheck = 0920;
				ORGANIZATIONNAME = Gurjot;
				TargetAttributes = {
					067AC5FB2057796C000C79E9 = {
						CreatedOnToolsVersion = 9.2;
						ProvisioningStyle = Automatic;
					};
					067AC6122057796C000C79E9 = {
						CreatedOnToolsVersion = 9.2;
						ProvisioningStyle = Automatic;
						TestTargetID = 067AC5FB2057796C000C79E9;
					};
					067AC61D2057796C000C79E9 = {
						CreatedOnToolsVersion = 9.2;
						ProvisioningStyle = Automatic;
						TestTargetID = 067AC5FB2057796C000C79E9;
					};
				};
			};
			buildConfigurationList = 067AC5F72057796C000C79E9 /* Build configuration list for PBXProject "FoodJunky" */;
			compatibilityVersion = "Xcode 8.0";
			developmentRegion = en;
			hasScannedForEncodings = 0;
			knownRegions = (
				en,
				Base,
			);
			mainGroup = 067AC5F32057796C000C79E9;
			productRefGroup = 067AC5FD2057796C000C79E9 /* Products */;
			projectDirPath = "";
			projectRoot = "";
			targets = (
				067AC5FB2057796C000C79E9 /* FoodJunky */,
				067AC6122057796C000C79E9 /* FoodJunkyTests */,
				067AC61D2057796C000C79E9 /* FoodJunkyUITests */,
			);
		};
/* End PBXProject section */

/* Begin PBXResourcesBuildPhase section */
		067AC5FA2057796C000C79E9 /* Resources */ = {
			isa = PBXResourcesBuildPhase;
			buildActionMask = 2147483647;
			files = (
				067AC60D2057796C000C79E9 /* LaunchScreen.storyboard in Resources */,
				067AC60A2057796C000C79E9 /* Assets.xcassets in Resources */,
				067AC6052057796C000C79E9 /* Main.storyboard in Resources */,
			);
			runOnlyForDeploymentPostprocessing = 0;
		};
		067AC6112057796C000C79E9 /* Resources */ = {
			isa = PBXResourcesBuildPhase;
			buildActionMask = 2147483647;
			files = (
			);
			runOnlyForDeploymentPostprocessing = 0;
		};
		067AC61C2057796C000C79E9 /* Resources */ = {
			isa = PBXResourcesBuildPhase;
			buildActionMask = 2147483647;
			files = (
			);
			runOnlyForDeploymentPostprocessing = 0;
		};
/* End PBXResourcesBuildPhase section */

/* Begin PBXSourcesBuildPhase section */
		067AC5F82057796C000C79E9 /* Sources */ = {
			isa = PBXSourcesBuildPhase;
			buildActionMask = 2147483647;
			files = (
				067AC6022057796C000C79E9 /* ViewController.swift in Sources */,
				067AC6002057796C000C79E9 /* AppDelegate.swift in Sources */,
				067AC6082057796C000C79E9 /* FoodJunky.xcdatamodeld in Sources */,
			);
			runOnlyForDeploymentPostprocessing = 0;
		};
		067AC60F2057796C000C79E9 /* Sources */ = {
			isa = PBXSourcesBuildPhase;
			buildActionMask = 2147483647;
			files = (
				067AC6182057796C000C79E9 /* FoodJunkyTests.swift in Sources */,
			);
			runOnlyForDeploymentPostprocessing = 0;
		};
		067AC61A2057796C000C79E9 /* Sources */ = {
			isa = PBXSourcesBuildPhase;
			buildActionMask = 2147483647;
			files = (
				067AC6232057796C000C79E9 /* FoodJunkyUITests.swift in Sources */,
			);
			runOnlyForDeploymentPostprocessing = 0;
		};
/* End PBXSourcesBuildPhase section */

/* Begin PBXTargetDependency section */
		067AC6152057796C000C79E9 /* PBXTargetDependency */ = {
			isa = PBXTargetDependency;
			target = 067AC5FB2057796C000C79E9 /* FoodJunky */;
			targetProxy = 067AC6142057796C000C79E9 /* PBXContainerItemProxy */;
		};
		067AC6202057796C000C79E9 /* PBXTargetDependency */ = {
			isa = PBXTargetDependency;
			target = 067AC5FB2057796C000C79E9 /* FoodJunky */;
			targetProxy = 067AC61F2057796C000C79E9 /* PBXContainerItemProxy */;
		};
/* End PBXTargetDependency section */

/* Begin PBXVariantGroup section */
		067AC6032057796C000C79E9 /* Main.storyboard */ = {
			isa = PBXVariantGroup;
			children = (
				067AC6042057796C000C79E9 /* Base */,
			);
			name = Main.storyboard;
			sourceTree = "<group>";
		};
		067AC60B2057796C000C79E9 /* LaunchScreen.storyboard */ = {
			isa = PBXVariantGroup;
			children = (
				067AC60C2057796C000C79E9 /* Base */,
			);
			name = LaunchScreen.storyboard;
			sourceTree = "<group>";
		};
/* End PBXVariantGroup section */

/* Begin XCBuildConfiguration section */
		067AC6252057796C000C79E9 /* Debug */ = {
			isa = XCBuildConfiguration;
			buildSettings = {
				ALWAYS_SEARCH_USER_PATHS = NO;
				CLANG_ANALYZER_NONNULL = YES;
				CLANG_ANALYZER_NUMBER_OBJECT_CONVERSION = YES_AGGRESSIVE;
				CLANG_CXX_LANGUAGE_STANDARD = "gnu++14";
				CLANG_CXX_LIBRARY = "libc++";
				CLANG_ENABLE_MODULES = YES;
				CLANG_ENABLE_OBJC_ARC = YES;
				CLANG_WARN_BLOCK_CAPTURE_AUTORELEASING = YES;
				CLANG_WARN_BOOL_CONVERSION = YES;
				CLANG_WARN_COMMA = YES;
				CLANG_WARN_CONSTANT_CONVERSION = YES;
				CLANG_WARN_DIRECT_OBJC_ISA_USAGE = YES_ERROR;
				CLANG_WARN_DOCUMENTATION_COMMENTS = YES;
				CLANG_WARN_EMPTY_BODY = YES;
				CLANG_WARN_ENUM_CONVERSION = YES;
				CLANG_WARN_INFINITE_RECURSION = YES;
				CLANG_WARN_INT_CONVERSION = YES;
				CLANG_WARN_NON_LITERAL_NULL_CONVERSION = YES;
				CLANG_WARN_OBJC_LITERAL_CONVERSION = YES;
				CLANG_WARN_OBJC_ROOT_CLASS = YES_ERROR;
				CLANG_WARN_RANGE_LOOP_ANALYSIS = YES;
				CLANG_WARN_STRICT_PROTOTYPES = YES;
				CLANG_WARN_SUSPICIOUS_MOVE = YES;
				CLANG_WARN_UNGUARDED_AVAILABILITY = YES_AGGRESSIVE;
				CLANG_WARN_UNREACHABLE_CODE = YES;
				CLANG_WARN__DUPLICATE_METHOD_MATCH = YES;
				CODE_SIGN_IDENTITY = "iPhone Developer";
				COPY_PHASE_STRIP = NO;
				DEBUG_INFORMATION_FORMAT = dwarf;
				ENABLE_STRICT_OBJC_MSGSEND = YES;
				ENABLE_TESTABILITY = YES;
				GCC_C_LANGUAGE_STANDARD = gnu11;
				GCC_DYNAMIC_NO_PIC = NO;
				GCC_NO_COMMON_BLOCKS = YES;
				GCC_OPTIMIZATION_LEVEL = 0;
				GCC_PREPROCESSOR_DEFINITIONS = (
					"DEBUG=1",
					"$(inherited)",
				);
				GCC_WARN_64_TO_32_BIT_CONVERSION = YES;
				GCC_WARN_ABOUT_RETURN_TYPE = YES_ERROR;
				GCC_WARN_UNDECLARED_SELECTOR = YES;
				GCC_WARN_UNINITIALIZED_AUTOS = YES_AGGRESSIVE;
				GCC_WARN_UNUSED_FUNCTION = YES;
				GCC_WARN_UNUSED_VARIABLE = YES;
				IPHONEOS_DEPLOYMENT_TARGET = 11.2;
				MTL_ENABLE_DEBUG_INFO = YES;
				ONLY_ACTIVE_ARCH = YES;
				SDKROOT = iphoneos;
				SWIFT_ACTIVE_COMPILATION_CONDITIONS = DEBUG;
				SWIFT_OPTIMIZATION_LEVEL = "-Onone";
			};
			name = Debug;
		};
		067AC6262057796C000C79E9 /* Release */ = {
			isa = XCBuildConfiguration;
			buildSettings = {
				ALWAYS_SEARCH_USER_PATHS = NO;
				CLANG_ANALYZER_NONNULL = YES;
				CLANG_ANALYZER_NUMBER_OBJECT_CONVERSION = YES_AGGRESSIVE;
				CLANG_CXX_LANGUAGE_STANDARD = "gnu++14";
				CLANG_CXX_LIBRARY = "libc++";
				CLANG_ENABLE_MODULES = YES;
				CLANG_ENABLE_OBJC_ARC = YES;
				CLANG_WARN_BLOCK_CAPTURE_AUTORELEASING = YES;
				CLANG_WARN_BOOL_CONVERSION = YES;
				CLANG_WARN_COMMA = YES;
				CLANG_WARN_CONSTANT_CONVERSION = YES;
				CLANG_WARN_DIRECT_OBJC_ISA_USAGE = YES_ERROR;
				CLANG_WARN_DOCUMENTATION_COMMENTS = YES;
				CLANG_WARN_EMPTY_BODY = YES;
				CLANG_WARN_ENUM_CONVERSION = YES;
				CLANG_WARN_INFINITE_RECURSION = YES;
				CLANG_WARN_INT_CONVERSION = YES;
				CLANG_WARN_NON_LITERAL_NULL_CONVERSION = YES;
				CLANG_WARN_OBJC_LITERAL_CONVERSION = YES;
				CLANG_WARN_OBJC_ROOT_CLASS = YES_ERROR;
				CLANG_WARN_RANGE_LOOP_ANALYSIS = YES;
				CLANG_WARN_STRICT_PROTOTYPES = YES;
				CLANG_WARN_SUSPICIOUS_MOVE = YES;
				CLANG_WARN_UNGUARDED_AVAILABILITY = YES_AGGRESSIVE;
				CLANG_WARN_UNREACHABLE_CODE = YES;
				CLANG_WARN__DUPLICATE_METHOD_MATCH = YES;
				CODE_SIGN_IDENTITY = "iPhone Developer";
				COPY_PHASE_STRIP = NO;
				DEBUG_INFORMATION_FORMAT = "dwarf-with-dsym";
				ENABLE_NS_ASSERTIONS = NO;
				ENABLE_STRICT_OBJC_MSGSEND = YES;
				GCC_C_LANGUAGE_STANDARD = gnu11;
				GCC_NO_COMMON_BLOCKS = YES;
				GCC_WARN_64_TO_32_BIT_CONVERSION = YES;
				GCC_WARN_ABOUT_RETURN_TYPE = YES_ERROR;
				GCC_WARN_UNDECLARED_SELECTOR = YES;
				GCC_WARN_UNINITIALIZED_AUTOS = YES_AGGRESSIVE;
				GCC_WARN_UNUSED_FUNCTION = YES;
				GCC_WARN_UNUSED_VARIABLE = YES;
				IPHONEOS_DEPLOYMENT_TARGET = 11.2;
				MTL_ENABLE_DEBUG_INFO = NO;
				SDKROOT = iphoneos;
				SWIFT_OPTIMIZATION_LEVEL = "-Owholemodule";
				VALIDATE_PRODUCT = YES;
			};
			name = Release;
		};
		067AC6282057796C000C79E9 /* Debug */ = {
			isa = XCBuildConfiguration;
			buildSettings = {
				ALWAYS_EMBED_SWIFT_STANDARD_LIBRARIES = YES;
				ASSETCATALOG_COMPILER_APPICON_NAME = AppIcon;
				CODE_SIGN_STYLE = Automatic;
				INFOPLIST_FILE = FoodJunky/Info.plist;
				LD_RUNPATH_SEARCH_PATHS = "$(inherited) @executable_path/Frameworks";
				PRODUCT_BUNDLE_IDENTIFIER = Gurjot.FoodJunky;
				PRODUCT_NAME = "$(TARGET_NAME)";
				SWIFT_VERSION = 4.0;
				TARGETED_DEVICE_FAMILY = "1,2";
			};
			name = Debug;
		};
		067AC6292057796C000C79E9 /* Release */ = {
			isa = XCBuildConfiguration;
			buildSettings = {
				ALWAYS_EMBED_SWIFT_STANDARD_LIBRARIES = YES;
				ASSETCATALOG_COMPILER_APPICON_NAME = AppIcon;
				CODE_SIGN_STYLE = Automatic;
				INFOPLIST_FILE = FoodJunky/Info.plist;
				LD_RUNPATH_SEARCH_PATHS = "$(inherited) @executable_path/Frameworks";
				PRODUCT_BUNDLE_IDENTIFIER = Gurjot.FoodJunky;
				PRODUCT_NAME = "$(TARGET_NAME)";
				SWIFT_VERSION = 4.0;
				TARGETED_DEVICE_FAMILY = "1,2";
			};
			name = Release;
		};
		067AC62B2057796C000C79E9 /* Debug */ = {
			isa = XCBuildConfiguration;
			buildSettings = {
				ALWAYS_EMBED_SWIFT_STANDARD_LIBRARIES = YES;
				BUNDLE_LOADER = "$(TEST_HOST)";
				CODE_SIGN_STYLE = Automatic;
				INFOPLIST_FILE = FoodJunkyTests/Info.plist;
				LD_RUNPATH_SEARCH_PATHS = "$(inherited) @executable_path/Frameworks @loader_path/Frameworks";
				PRODUCT_BUNDLE_IDENTIFIER = Gurjot.FoodJunkyTests;
				PRODUCT_NAME = "$(TARGET_NAME)";
				SWIFT_VERSION = 4.0;
				TARGETED_DEVICE_FAMILY = "1,2";
				TEST_HOST = "$(BUILT_PRODUCTS_DIR)/FoodJunky.app/FoodJunky";
			};
			name = Debug;
		};
		067AC62C2057796C000C79E9 /* Release */ = {
			isa = XCBuildConfiguration;
			buildSettings = {
				ALWAYS_EMBED_SWIFT_STANDARD_LIBRARIES = YES;
				BUNDLE_LOADER = "$(TEST_HOST)";
				CODE_SIGN_STYLE = Automatic;
				INFOPLIST_FILE = FoodJunkyTests/Info.plist;
				LD_RUNPATH_SEARCH_PATHS = "$(inherited) @executable_path/Frameworks @loader_path/Frameworks";
				PRODUCT_BUNDLE_IDENTIFIER = Gurjot.FoodJunkyTests;
				PRODUCT_NAME = "$(TARGET_NAME)";
				SWIFT_VERSION = 4.0;
				TARGETED_DEVICE_FAMILY = "1,2";
				TEST_HOST = "$(BUILT_PRODUCTS_DIR)/FoodJunky.app/FoodJunky";
			};
			name = Release;
		};
		067AC62E2057796C000C79E9 /* Debug */ = {
			isa = XCBuildConfiguration;
			buildSettings = {
				ALWAYS_EMBED_SWIFT_STANDARD_LIBRARIES = YES;
				CODE_SIGN_STYLE = Automatic;
				INFOPLIST_FILE = FoodJunkyUITests/Info.plist;
				LD_RUNPATH_SEARCH_PATHS = "$(inherited) @executable_path/Frameworks @loader_path/Frameworks";
				PRODUCT_BUNDLE_IDENTIFIER = Gurjot.FoodJunkyUITests;
				PRODUCT_NAME = "$(TARGET_NAME)";
				SWIFT_VERSION = 4.0;
				TARGETED_DEVICE_FAMILY = "1,2";
				TEST_TARGET_NAME = FoodJunky;
			};
			name = Debug;
		};
		067AC62F2057796C000C79E9 /* Release */ = {
			isa = XCBuildConfiguration;
			buildSettings = {
				ALWAYS_EMBED_SWIFT_STANDARD_LIBRARIES = YES;
				CODE_SIGN_STYLE = Automatic;
				INFOPLIST_FILE = FoodJunkyUITests/Info.plist;
				LD_RUNPATH_SEARCH_PATHS = "$(inherited) @executable_path/Frameworks @loader_path/Frameworks";
				PRODUCT_BUNDLE_IDENTIFIER = Gurjot.FoodJunkyUITests;
				PRODUCT_NAME = "$(TARGET_NAME)";
				SWIFT_VERSION = 4.0;
				TARGETED_DEVICE_FAMILY = "1,2";
				TEST_TARGET_NAME = FoodJunky;
			};
			name = Release;
		};
/* End XCBuildConfiguration section */

/* Begin XCConfigurationList section */
		067AC5F72057796C000C79E9 /* Build configuration list for PBXProject "FoodJunky" */ = {
			isa = XCConfigurationList;
			buildConfigurations = (
				067AC6252057796C000C79E9 /* Debug */,
				067AC6262057796C000C79E9 /* Release */,
			);
			defaultConfigurationIsVisible = 0;
			defaultConfigurationName = Release;
		};
		067AC6272057796C000C79E9 /* Build configuration list for PBXNativeTarget "FoodJunky" */ = {
			isa = XCConfigurationList;
			buildConfigurations = (
				067AC6282057796C000C79E9 /* Debug */,
				067AC6292057796C000C79E9 /* Release */,
			);
			defaultConfigurationIsVisible = 0;
			defaultConfigurationName = Release;
		};
		067AC62A2057796C000C79E9 /* Build configuration list for PBXNativeTarget "FoodJunkyTests" */ = {
			isa = XCConfigurationList;
			buildConfigurations = (
				067AC62B2057796C000C79E9 /* Debug */,
				067AC62C2057796C000C79E9 /* Release */,
			);
			defaultConfigurationIsVisible = 0;
			defaultConfigurationName = Release;
		};
		067AC62D2057796C000C79E9 /* Build configuration list for PBXNativeTarget "FoodJunkyUITests" */ = {
			isa = XCConfigurationList;
			buildConfigurations = (
				067AC62E2057796C000C79E9 /* Debug */,
				067AC62F2057796C000C79E9 /* Release */,
			);
			defaultConfigurationIsVisible = 0;
			defaultConfigurationName = Release;
		};
/* End XCConfigurationList section */

/* Begin XCVersionGroup section */
		067AC6062057796C000C79E9 /* FoodJunky.xcdatamodeld */ = {
			isa = XCVersionGroup;
			children = (
				067AC6072057796C000C79E9 /* FoodJunky.xcdatamodel */,
			);
			currentVersion = 067AC6072057796C000C79E9 /* FoodJunky.xcdatamodel */;
			path = FoodJunky.xcdatamodeld;
			sourceTree = "<group>";
			versionGroupType = wrapper.xcdatamodel;
		};
/* End XCVersionGroup section */
	};
	rootObject = 067AC5F42057796C000C79E9 /* Project object */;
}
