{
  "object": {
    "pins": [
      {
        "package": "SwiftyJSON",
        "repositoryURL": "https://github.com/SwiftyJSON/SwiftyJSON.git",
        "state": {
          "branch": null,
          "revision": "ebfc0d7e314f15c1df02fcb198beb40624421839",
          "version": "4.1.0"
        }
      }
    ]
  },
  "version": 1
}
